schema: '2.0'
stages:
  data_ingestion:
    cmd: python -m src.pipeline.data_ingestion_pipeline
    deps:
    - path: Dataset/retail_sales.csv
      hash: md5
      md5: 00660e2fc9bac1ab081d630dc45b4641
      size: 1389824
    - path: src/pipeline/data_ingestion_pipeline.py
      hash: md5
      md5: ff19ae2dfe6fde92b45bb29e7df95ef5
      size: 1053
    outs:
    - path: artifacts/data_ingestion/feature_store.csv
      hash: md5
      md5: 7e0083f5bff3e6b3d2ecd4db53456f5e
      size: 1729574
    - path: artifacts/data_ingestion/test.csv
      hash: md5
      md5: 3e7511d90797804b910949d28e697cfe
      size: 345912
    - path: artifacts/data_ingestion/train.csv
      hash: md5
      md5: d1f46a6d524abd42fab9296f4f5cd79f
      size: 1383674
  data_validation:
    cmd: python -m src.pipeline.data_valid_pipeline
    deps:
    - path: artifacts/data_ingestion/feature_store.csv
      hash: md5
      md5: 7e0083f5bff3e6b3d2ecd4db53456f5e
      size: 1729574
    - path: artifacts/data_ingestion/test.csv
      hash: md5
      md5: 3e7511d90797804b910949d28e697cfe
      size: 345912
    - path: artifacts/data_ingestion/train.csv
      hash: md5
      md5: d1f46a6d524abd42fab9296f4f5cd79f
      size: 1383674
    - path: src/pipeline/data_valid_pipeline.py
      hash: md5
      md5: 006910723ed5c54d35a96945a2f8d03e
      size: 1812
  data_transformation:
    cmd: python -m src.pipeline.data_transformation_pipeline
    deps:
    - path: artifacts/data_ingestion/feature_store.csv
      hash: md5
      md5: 7e0083f5bff3e6b3d2ecd4db53456f5e
      size: 1729574
    - path: artifacts/data_ingestion/test.csv
      hash: md5
      md5: 3e7511d90797804b910949d28e697cfe
      size: 345912
    - path: artifacts/data_ingestion/train.csv
      hash: md5
      md5: d1f46a6d524abd42fab9296f4f5cd79f
      size: 1383674
    - path: src/pipeline/data_transformation_pipeline.py
      hash: md5
      md5: b8b2415da60a228697e75571e3206259
      size: 2373
    outs:
    - path: artifacts/Preprocessed/preprocess.npz
      hash: md5
      md5: 4d1eaf4eaa7fed87ec45a0f192939e79
      size: 14501708
  model_training:
    cmd: python -m src.pipeline.model_training_pipeline
    deps:
    - path: artifacts/Preprocessed/preprocess.npz
      hash: md5
      md5: 4d1eaf4eaa7fed87ec45a0f192939e79
      size: 14501708
    - path: src/pipeline/model_training_pipeline.py
      hash: md5
      md5: 2bf6f5d6f2c9b1634c1b467c9e46679d
      size: 2831
    outs:
    - path: artifacts/Trained models/model.keras
      hash: md5
      md5: 7cac7f0fff90b4856174a4547c2456ed
      size: 149124
  model_evaluation:
    cmd: python -m src.pipeline.model_eval_pipeline
    deps:
    - path: artifacts/Preprocessed/preprocess.npz
      hash: md5
      md5: 4d1eaf4eaa7fed87ec45a0f192939e79
      size: 14501708
    - path: artifacts/Trained models/model.keras
      hash: md5
      md5: 7cac7f0fff90b4856174a4547c2456ed
      size: 149124
    - path: src/pipeline/model_eval_pipeline.py
      hash: md5
      md5: b8567010f5dd10cf9ee2b61e9445324f
      size: 1941
    outs:
    - path: artifacts/Model Evaluation/model_evaluation.png
      hash: md5
      md5: fb4e24fce014ad3662db5a48e6214985
      size: 66165
